
Microsoft Visual Studio Solution File, Format Version 12.00
# Visual Studio Version 17
VisualStudioVersion = 17.9.34616.47
MinimumVisualStudioVersion = 10.0.40219.1
Project("{8BC9CEB8-8B4A-11D0-8D11-00A0C91BC942}") = "paradigmaoop", "paradigmaoop\paradigmaoop.vcxproj", "{364A2313-CCE5-4CD6-BC62-8B28341EB1B3}"
EndProject
Project("{8BC9CEB8-8B4A-11D0-8D11-00A0C91BC942}") = "komposisi", "komposisi\komposisi.vcxproj", "{A04A5B35-B424-4973-A326-AA0B6AC0FD42}"
EndProject
Project("{8BC9CEB8-8B4A-11D0-8D11-00A0C91BC942}") = "agregasi", "agregasi\agregasi.vcxproj", "{572890EF-DD4F-47E2-9694-622DAC5FC5F4}"
EndProject
Global
	GlobalSection(SolutionConfigurationPlatforms) = preSolution
		Debug|x64 = Debug|x64
		Debug|x86 = Debug|x86
		Release|x64 = Release|x64
		Release|x86 = Release|x86
	EndGlobalSection
	GlobalSection(ProjectConfigurationPlatforms) = postSolution
		{364A2313-CCE5-4CD6-BC62-8B28341EB1B3}.Debug|x64.ActiveCfg = Debug|x64
		{364A2313-CCE5-4CD6-BC62-8B28341EB1B3}.Debug|x64.Build.0 = Debug|x64
		{364A2313-CCE5-4CD6-BC62-8B28341EB1B3}.Debug|x86.ActiveCfg = Debug|Win32
		{364A2313-CCE5-4CD6-BC62-8B28341EB1B3}.Debug|x86.Build.0 = Debug|Win32
		{364A2313-CCE5-4CD6-BC62-8B28341EB1B3}.Release|x64.ActiveCfg = Release|x64
		{364A2313-CCE5-4CD6-BC62-8B28341EB1B3}.Release|x64.Build.0 = Release|x64
		{364A2313-CCE5-4CD6-BC62-8B28341EB1B3}.Release|x86.ActiveCfg = Release|Win32
		{364A2313-CCE5-4CD6-BC62-8B28341EB1B3}.Release|x86.Build.0 = Release|Win32
		{A04A5B35-B424-4973-A326-AA0B6AC0FD42}.Debug|x64.ActiveCfg = Debug|x64
		{A04A5B35-B424-4973-A326-AA0B6AC0FD42}.Debug|x64.Build.0 = Debug|x64
		{A04A5B35-B424-4973-A326-AA0B6AC0FD42}.Debug|x86.ActiveCfg = Debug|Win32
		{A04A5B35-B424-4973-A326-AA0B6AC0FD42}.Debug|x86.Build.0 = Debug|Win32
		{A04A5B35-B424-4973-A326-AA0B6AC0FD42}.Release|x64.ActiveCfg = Release|x64
		{A04A5B35-B424-4973-A326-AA0B6AC0FD42}.Release|x64.Build.0 = Release|x64
		{A04A5B35-B424-4973-A326-AA0B6AC0FD42}.Release|x86.ActiveCfg = Release|Win32
		{A04A5B35-B424-4973-A326-AA0B6AC0FD42}.Release|x86.Build.0 = Release|Win32
		{572890EF-DD4F-47E2-9694-622DAC5FC5F4}.Debug|x64.ActiveCfg = Debug|x64
		{572890EF-DD4F-47E2-9694-622DAC5FC5F4}.Debug|x64.Build.0 = Debug|x64
		{572890EF-DD4F-47E2-9694-622DAC5FC5F4}.Debug|x86.ActiveCfg = Debug|Win32
		{572890EF-DD4F-47E2-9694-622DAC5FC5F4}.Debug|x86.Build.0 = Debug|Win32
		{572890EF-DD4F-47E2-9694-622DAC5FC5F4}.Release|x64.ActiveCfg = Release|x64
		{572890EF-DD4F-47E2-9694-622DAC5FC5F4}.Release|x64.Build.0 = Release|x64
		{572890EF-DD4F-47E2-9694-622DAC5FC5F4}.Release|x86.ActiveCfg = Release|Win32
		{572890EF-DD4F-47E2-9694-622DAC5FC5F4}.Release|x86.Build.0 = Release|Win32
	EndGlobalSection
	GlobalSection(SolutionProperties) = preSolution
		HideSolutionNode = FALSE
	EndGlobalSection
	GlobalSection(ExtensibilityGlobals) = postSolution
		SolutionGuid = {BCE41635-5761-4347-AA87-78F585DAAF0F}
	EndGlobalSection
EndGlobal
